
Microsoft Visual Studio Solution File, Format Version 12.00
# Visual Studio 15
VisualStudioVersion = 15.0.27130.2027
MinimumVisualStudioVersion = 10.0.40219.1
Project("{FAE04EC0-301F-11D3-BF4B-00C04F79EFBC}") = "CircumfZachF", "CircumfZachF\CircumfZachF.csproj", "{36F5F28C-A14A-4372-8688-3381EE3E7FEC}"
EndProject
Global
	GlobalSection(SolutionConfigurationPlatforms) = preSolution
		Debug|Any CPU = Debug|Any CPU
		Release|Any CPU = Release|Any CPU
	EndGlobalSection
	GlobalSection(ProjectConfigurationPlatforms) = postSolution
		{36F5F28C-A14A-4372-8688-3381EE3E7FEC}.Debug|Any CPU.ActiveCfg = Debug|Any CPU
		{36F5F28C-A14A-4372-8688-3381EE3E7FEC}.Debug|Any CPU.Build.0 = Debug|Any CPU
		{36F5F28C-A14A-4372-8688-3381EE3E7FEC}.Release|Any CPU.ActiveCfg = Release|Any CPU
		{36F5F28C-A14A-4372-8688-3381EE3E7FEC}.Release|Any CPU.Build.0 = Release|Any CPU
	EndGlobalSection
	GlobalSection(SolutionProperties) = preSolution
		HideSolutionNode = FALSE
	EndGlobalSection
	GlobalSection(ExtensibilityGlobals) = postSolution
		SolutionGuid = {D368B099-2912-4E53-BE36-B2EA6227ABA2}
	EndGlobalSection
EndGlobal
